
Microsoft Visual Studio Solution File, Format Version 12.00
# Blend for Visual Studio Version 16
VisualStudioVersion = 16.0.30011.22
MinimumVisualStudioVersion = 10.0.40219.1
Project("{FAE04EC0-301F-11D3-BF4B-00C04F79EFBC}") = "NModbus4", "NModbus4\NModbus4.csproj", "{FF96B252-2B24-44A1-A09C-6401B5D7ED23}"
EndProject
Project("{FAE04EC0-301F-11D3-BF4B-00C04F79EFBC}") = "Wpf_Arrows_Package", "Wpf_Arrows_Package\Wpf_Arrows_Package.csproj", "{7C57E81C-386A-4120-8BB2-5EB4738562C2}"
EndProject
Project("{2150E333-8FDC-42A3-9474-1A3956D46DE8}") = "ClassLibrary", "ClassLibrary", "{4254D473-E693-44CC-94CE-C0456D366F4E}"
EndProject
Project("{FAE04EC0-301F-11D3-BF4B-00C04F79EFBC}") = "LocalTool", "LocalTool\LocalTool.csproj", "{13C2B01D-EDB7-4FA0-8B84-9D10148610D4}"
EndProject
Project("{FAE04EC0-301F-11D3-BF4B-00C04F79EFBC}") = "TestControlLibrary", "TestControlLibrary\TestControlLibrary.csproj", "{46E88829-7AFC-4847-A008-75CCA23830CC}"
EndProject
Project("{FAE04EC0-301F-11D3-BF4B-00C04F79EFBC}") = "ResourceBase", "ResourceBase\ResourceBase.csproj", "{8BF815EB-E746-47CE-A2DE-45F38A6441FE}"
EndProject
Project("{FAE04EC0-301F-11D3-BF4B-00C04F79EFBC}") = "TemplateLibrary", "TemplateLibrary\TemplateLibrary.csproj", "{8F40B3DC-F9CF-4030-B278-236C989B1BA7}"
EndProject
Project("{FAE04EC0-301F-11D3-BF4B-00C04F79EFBC}") = "FunctionLibrary", "FunctionLibrary\FunctionLibrary.csproj", "{D3A18FBF-2499-4C00-81B0-82B32B2F98FD}"
EndProject
Project("{FAE04EC0-301F-11D3-BF4B-00C04F79EFBC}") = "ProjectFrame", "ProjectFrame\ProjectFrame.csproj", "{492ABB61-7107-4608-BA60-7ED8811100A2}"
EndProject
Project("{FAE04EC0-301F-11D3-BF4B-00C04F79EFBC}") = "TestProject", "TestProject\TestProject.csproj", "{3EB4D030-C2D5-4EC1-96CB-FBCDE1729828}"
EndProject
Project("{FAE04EC0-301F-11D3-BF4B-00C04F79EFBC}") = "WPF_BaseStudy", "WPF_BaseStudy\WPF_BaseStudy.csproj", "{2B40684A-D7AE-4B36-951F-0E99890DA358}"
EndProject
Global
	GlobalSection(SolutionConfigurationPlatforms) = preSolution
		Debug|Any CPU = Debug|Any CPU
		Debug|ARM = Debug|ARM
		Debug|ARM64 = Debug|ARM64
		Debug|x64 = Debug|x64
		Debug|x86 = Debug|x86
		HoneyBadge_Debug|Any CPU = HoneyBadge_Debug|Any CPU
		HoneyBadge_Debug|ARM = HoneyBadge_Debug|ARM
		HoneyBadge_Debug|ARM64 = HoneyBadge_Debug|ARM64
		HoneyBadge_Debug|x64 = HoneyBadge_Debug|x64
		HoneyBadge_Debug|x86 = HoneyBadge_Debug|x86
		Release|Any CPU = Release|Any CPU
		Release|ARM = Release|ARM
		Release|ARM64 = Release|ARM64
		Release|x64 = Release|x64
		Release|x86 = Release|x86
	EndGlobalSection
	GlobalSection(ProjectConfigurationPlatforms) = postSolution
		{FF96B252-2B24-44A1-A09C-6401B5D7ED23}.Debug|Any CPU.ActiveCfg = Debug|Any CPU
		{FF96B252-2B24-44A1-A09C-6401B5D7ED23}.Debug|Any CPU.Build.0 = Debug|Any CPU
		{FF96B252-2B24-44A1-A09C-6401B5D7ED23}.Debug|ARM.ActiveCfg = Debug|Any CPU
		{FF96B252-2B24-44A1-A09C-6401B5D7ED23}.Debug|ARM.Build.0 = Debug|Any CPU
		{FF96B252-2B24-44A1-A09C-6401B5D7ED23}.Debug|ARM64.ActiveCfg = Debug|Any CPU
		{FF96B252-2B24-44A1-A09C-6401B5D7ED23}.Debug|ARM64.Build.0 = Debug|Any CPU
		{FF96B252-2B24-44A1-A09C-6401B5D7ED23}.Debug|x64.ActiveCfg = Debug|Any CPU
		{FF96B252-2B24-44A1-A09C-6401B5D7ED23}.Debug|x64.Build.0 = Debug|Any CPU
		{FF96B252-2B24-44A1-A09C-6401B5D7ED23}.Debug|x86.ActiveCfg = Debug|Any CPU
		{FF96B252-2B24-44A1-A09C-6401B5D7ED23}.Debug|x86.Build.0 = Debug|Any CPU
		{FF96B252-2B24-44A1-A09C-6401B5D7ED23}.HoneyBadge_Debug|Any CPU.ActiveCfg = Debug|Any CPU
		{FF96B252-2B24-44A1-A09C-6401B5D7ED23}.HoneyBadge_Debug|Any CPU.Build.0 = Debug|Any CPU
		{FF96B252-2B24-44A1-A09C-6401B5D7ED23}.HoneyBadge_Debug|ARM.ActiveCfg = Debug|Any CPU
		{FF96B252-2B24-44A1-A09C-6401B5D7ED23}.HoneyBadge_Debug|ARM.Build.0 = Debug|Any CPU
		{FF96B252-2B24-44A1-A09C-6401B5D7ED23}.HoneyBadge_Debug|ARM64.ActiveCfg = Debug|Any CPU
		{FF96B252-2B24-44A1-A09C-6401B5D7ED23}.HoneyBadge_Debug|ARM64.Build.0 = Debug|Any CPU
		{FF96B252-2B24-44A1-A09C-6401B5D7ED23}.HoneyBadge_Debug|x64.ActiveCfg = Debug|Any CPU
		{FF96B252-2B24-44A1-A09C-6401B5D7ED23}.HoneyBadge_Debug|x64.Build.0 = Debug|Any CPU
		{FF96B252-2B24-44A1-A09C-6401B5D7ED23}.HoneyBadge_Debug|x86.ActiveCfg = Debug|Any CPU
		{FF96B252-2B24-44A1-A09C-6401B5D7ED23}.HoneyBadge_Debug|x86.Build.0 = Debug|Any CPU
		{FF96B252-2B24-44A1-A09C-6401B5D7ED23}.Release|Any CPU.ActiveCfg = Release|Any CPU
		{FF96B252-2B24-44A1-A09C-6401B5D7ED23}.Release|Any CPU.Build.0 = Release|Any CPU
		{FF96B252-2B24-44A1-A09C-6401B5D7ED23}.Release|ARM.ActiveCfg = Release|Any CPU
		{FF96B252-2B24-44A1-A09C-6401B5D7ED23}.Release|ARM.Build.0 = Release|Any CPU
		{FF96B252-2B24-44A1-A09C-6401B5D7ED23}.Release|ARM64.ActiveCfg = Release|Any CPU
		{FF96B252-2B24-44A1-A09C-6401B5D7ED23}.Release|ARM64.Build.0 = Release|Any CPU
		{FF96B252-2B24-44A1-A09C-6401B5D7ED23}.Release|x64.ActiveCfg = Release|Any CPU
		{FF96B252-2B24-44A1-A09C-6401B5D7ED23}.Release|x64.Build.0 = Release|Any CPU
		{FF96B252-2B24-44A1-A09C-6401B5D7ED23}.Release|x86.ActiveCfg = Release|Any CPU
		{FF96B252-2B24-44A1-A09C-6401B5D7ED23}.Release|x86.Build.0 = Release|Any CPU
		{7C57E81C-386A-4120-8BB2-5EB4738562C2}.Debug|Any CPU.ActiveCfg = Debug|Any CPU
		{7C57E81C-386A-4120-8BB2-5EB4738562C2}.Debug|Any CPU.Build.0 = Debug|Any CPU
		{7C57E81C-386A-4120-8BB2-5EB4738562C2}.Debug|ARM.ActiveCfg = Debug|Any CPU
		{7C57E81C-386A-4120-8BB2-5EB4738562C2}.Debug|ARM.Build.0 = Debug|Any CPU
		{7C57E81C-386A-4120-8BB2-5EB4738562C2}.Debug|ARM64.ActiveCfg = Debug|Any CPU
		{7C57E81C-386A-4120-8BB2-5EB4738562C2}.Debug|ARM64.Build.0 = Debug|Any CPU
		{7C57E81C-386A-4120-8BB2-5EB4738562C2}.Debug|x64.ActiveCfg = Debug|Any CPU
		{7C57E81C-386A-4120-8BB2-5EB4738562C2}.Debug|x64.Build.0 = Debug|Any CPU
		{7C57E81C-386A-4120-8BB2-5EB4738562C2}.Debug|x86.ActiveCfg = Debug|Any CPU
		{7C57E81C-386A-4120-8BB2-5EB4738562C2}.Debug|x86.Build.0 = Debug|Any CPU
		{7C57E81C-386A-4120-8BB2-5EB4738562C2}.HoneyBadge_Debug|Any CPU.ActiveCfg = Debug|Any CPU
		{7C57E81C-386A-4120-8BB2-5EB4738562C2}.HoneyBadge_Debug|Any CPU.Build.0 = Debug|Any CPU
		{7C57E81C-386A-4120-8BB2-5EB4738562C2}.HoneyBadge_Debug|ARM.ActiveCfg = Debug|Any CPU
		{7C57E81C-386A-4120-8BB2-5EB4738562C2}.HoneyBadge_Debug|ARM.Build.0 = Debug|Any CPU
		{7C57E81C-386A-4120-8BB2-5EB4738562C2}.HoneyBadge_Debug|ARM64.ActiveCfg = Debug|Any CPU
		{7C57E81C-386A-4120-8BB2-5EB4738562C2}.HoneyBadge_Debug|ARM64.Build.0 = Debug|Any CPU
		{7C57E81C-386A-4120-8BB2-5EB4738562C2}.HoneyBadge_Debug|x64.ActiveCfg = Debug|Any CPU
		{7C57E81C-386A-4120-8BB2-5EB4738562C2}.HoneyBadge_Debug|x64.Build.0 = Debug|Any CPU
		{7C57E81C-386A-4120-8BB2-5EB4738562C2}.HoneyBadge_Debug|x86.ActiveCfg = Debug|Any CPU
		{7C57E81C-386A-4120-8BB2-5EB4738562C2}.HoneyBadge_Debug|x86.Build.0 = Debug|Any CPU
		{7C57E81C-386A-4120-8BB2-5EB4738562C2}.Release|Any CPU.ActiveCfg = Release|Any CPU
		{7C57E81C-386A-4120-8BB2-5EB4738562C2}.Release|Any CPU.Build.0 = Release|Any CPU
		{7C57E81C-386A-4120-8BB2-5EB4738562C2}.Release|ARM.ActiveCfg = Release|Any CPU
		{7C57E81C-386A-4120-8BB2-5EB4738562C2}.Release|ARM.Build.0 = Release|Any CPU
		{7C57E81C-386A-4120-8BB2-5EB4738562C2}.Release|ARM64.ActiveCfg = Release|Any CPU
		{7C57E81C-386A-4120-8BB2-5EB4738562C2}.Release|ARM64.Build.0 = Release|Any CPU
		{7C57E81C-386A-4120-8BB2-5EB4738562C2}.Release|x64.ActiveCfg = Release|Any CPU
		{7C57E81C-386A-4120-8BB2-5EB4738562C2}.Release|x64.Build.0 = Release|Any CPU
		{7C57E81C-386A-4120-8BB2-5EB4738562C2}.Release|x86.ActiveCfg = Release|Any CPU
		{7C57E81C-386A-4120-8BB2-5EB4738562C2}.Release|x86.Build.0 = Release|Any CPU
		{13C2B01D-EDB7-4FA0-8B84-9D10148610D4}.Debug|Any CPU.ActiveCfg = Debug|Any CPU
		{13C2B01D-EDB7-4FA0-8B84-9D10148610D4}.Debug|Any CPU.Build.0 = Debug|Any CPU
		{13C2B01D-EDB7-4FA0-8B84-9D10148610D4}.Debug|ARM.ActiveCfg = Debug|Any CPU
		{13C2B01D-EDB7-4FA0-8B84-9D10148610D4}.Debug|ARM.Build.0 = Debug|Any CPU
		{13C2B01D-EDB7-4FA0-8B84-9D10148610D4}.Debug|ARM64.ActiveCfg = Debug|Any CPU
		{13C2B01D-EDB7-4FA0-8B84-9D10148610D4}.Debug|ARM64.Build.0 = Debug|Any CPU
		{13C2B01D-EDB7-4FA0-8B84-9D10148610D4}.Debug|x64.ActiveCfg = Debug|Any CPU
		{13C2B01D-EDB7-4FA0-8B84-9D10148610D4}.Debug|x64.Build.0 = Debug|Any CPU
		{13C2B01D-EDB7-4FA0-8B84-9D10148610D4}.Debug|x86.ActiveCfg = Debug|Any CPU
		{13C2B01D-EDB7-4FA0-8B84-9D10148610D4}.Debug|x86.Build.0 = Debug|Any CPU
		{13C2B01D-EDB7-4FA0-8B84-9D10148610D4}.HoneyBadge_Debug|Any CPU.ActiveCfg = Debug|Any CPU
		{13C2B01D-EDB7-4FA0-8B84-9D10148610D4}.HoneyBadge_Debug|Any CPU.Build.0 = Debug|Any CPU
		{13C2B01D-EDB7-4FA0-8B84-9D10148610D4}.HoneyBadge_Debug|ARM.ActiveCfg = Debug|Any CPU
		{13C2B01D-EDB7-4FA0-8B84-9D10148610D4}.HoneyBadge_Debug|ARM.Build.0 = Debug|Any CPU
		{13C2B01D-EDB7-4FA0-8B84-9D10148610D4}.HoneyBadge_Debug|ARM64.ActiveCfg = Debug|Any CPU
		{13C2B01D-EDB7-4FA0-8B84-9D10148610D4}.HoneyBadge_Debug|ARM64.Build.0 = Debug|Any CPU
		{13C2B01D-EDB7-4FA0-8B84-9D10148610D4}.HoneyBadge_Debug|x64.ActiveCfg = Debug|Any CPU
		{13C2B01D-EDB7-4FA0-8B84-9D10148610D4}.HoneyBadge_Debug|x64.Build.0 = Debug|Any CPU
		{13C2B01D-EDB7-4FA0-8B84-9D10148610D4}.HoneyBadge_Debug|x86.ActiveCfg = Debug|Any CPU
		{13C2B01D-EDB7-4FA0-8B84-9D10148610D4}.HoneyBadge_Debug|x86.Build.0 = Debug|Any CPU
		{13C2B01D-EDB7-4FA0-8B84-9D10148610D4}.Release|Any CPU.ActiveCfg = Release|Any CPU
		{13C2B01D-EDB7-4FA0-8B84-9D10148610D4}.Release|Any CPU.Build.0 = Release|Any CPU
		{13C2B01D-EDB7-4FA0-8B84-9D10148610D4}.Release|ARM.ActiveCfg = Release|Any CPU
		{13C2B01D-EDB7-4FA0-8B84-9D10148610D4}.Release|ARM.Build.0 = Release|Any CPU
		{13C2B01D-EDB7-4FA0-8B84-9D10148610D4}.Release|ARM64.ActiveCfg = Release|Any CPU
		{13C2B01D-EDB7-4FA0-8B84-9D10148610D4}.Release|ARM64.Build.0 = Release|Any CPU
		{13C2B01D-EDB7-4FA0-8B84-9D10148610D4}.Release|x64.ActiveCfg = Release|Any CPU
		{13C2B01D-EDB7-4FA0-8B84-9D10148610D4}.Release|x64.Build.0 = Release|Any CPU
		{13C2B01D-EDB7-4FA0-8B84-9D10148610D4}.Release|x86.ActiveCfg = Release|Any CPU
		{13C2B01D-EDB7-4FA0-8B84-9D10148610D4}.Release|x86.Build.0 = Release|Any CPU
		{46E88829-7AFC-4847-A008-75CCA23830CC}.Debug|Any CPU.ActiveCfg = Debug|Any CPU
		{46E88829-7AFC-4847-A008-75CCA23830CC}.Debug|Any CPU.Build.0 = Debug|Any CPU
		{46E88829-7AFC-4847-A008-75CCA23830CC}.Debug|ARM.ActiveCfg = Debug|Any CPU
		{46E88829-7AFC-4847-A008-75CCA23830CC}.Debug|ARM.Build.0 = Debug|Any CPU
		{46E88829-7AFC-4847-A008-75CCA23830CC}.Debug|ARM64.ActiveCfg = Debug|Any CPU
		{46E88829-7AFC-4847-A008-75CCA23830CC}.Debug|ARM64.Build.0 = Debug|Any CPU
		{46E88829-7AFC-4847-A008-75CCA23830CC}.Debug|x64.ActiveCfg = Debug|Any CPU
		{46E88829-7AFC-4847-A008-75CCA23830CC}.Debug|x64.Build.0 = Debug|Any CPU
		{46E88829-7AFC-4847-A008-75CCA23830CC}.Debug|x86.ActiveCfg = Debug|Any CPU
		{46E88829-7AFC-4847-A008-75CCA23830CC}.Debug|x86.Build.0 = Debug|Any CPU
		{46E88829-7AFC-4847-A008-75CCA23830CC}.HoneyBadge_Debug|Any CPU.ActiveCfg = Debug|Any CPU
		{46E88829-7AFC-4847-A008-75CCA23830CC}.HoneyBadge_Debug|Any CPU.Build.0 = Debug|Any CPU
		{46E88829-7AFC-4847-A008-75CCA23830CC}.HoneyBadge_Debug|ARM.ActiveCfg = Debug|Any CPU
		{46E88829-7AFC-4847-A008-75CCA23830CC}.HoneyBadge_Debug|ARM.Build.0 = Debug|Any CPU
		{46E88829-7AFC-4847-A008-75CCA23830CC}.HoneyBadge_Debug|ARM64.ActiveCfg = Debug|Any CPU
		{46E88829-7AFC-4847-A008-75CCA23830CC}.HoneyBadge_Debug|ARM64.Build.0 = Debug|Any CPU
		{46E88829-7AFC-4847-A008-75CCA23830CC}.HoneyBadge_Debug|x64.ActiveCfg = Debug|Any CPU
		{46E88829-7AFC-4847-A008-75CCA23830CC}.HoneyBadge_Debug|x64.Build.0 = Debug|Any CPU
		{46E88829-7AFC-4847-A008-75CCA23830CC}.HoneyBadge_Debug|x86.ActiveCfg = Debug|Any CPU
		{46E88829-7AFC-4847-A008-75CCA23830CC}.HoneyBadge_Debug|x86.Build.0 = Debug|Any CPU
		{46E88829-7AFC-4847-A008-75CCA23830CC}.Release|Any CPU.ActiveCfg = Release|Any CPU
		{46E88829-7AFC-4847-A008-75CCA23830CC}.Release|Any CPU.Build.0 = Release|Any CPU
		{46E88829-7AFC-4847-A008-75CCA23830CC}.Release|ARM.ActiveCfg = Release|Any CPU
		{46E88829-7AFC-4847-A008-75CCA23830CC}.Release|ARM.Build.0 = Release|Any CPU
		{46E88829-7AFC-4847-A008-75CCA23830CC}.Release|ARM64.ActiveCfg = Release|Any CPU
		{46E88829-7AFC-4847-A008-75CCA23830CC}.Release|ARM64.Build.0 = Release|Any CPU
		{46E88829-7AFC-4847-A008-75CCA23830CC}.Release|x64.ActiveCfg = Release|Any CPU
		{46E88829-7AFC-4847-A008-75CCA23830CC}.Release|x64.Build.0 = Release|Any CPU
		{46E88829-7AFC-4847-A008-75CCA23830CC}.Release|x86.ActiveCfg = Release|Any CPU
		{46E88829-7AFC-4847-A008-75CCA23830CC}.Release|x86.Build.0 = Release|Any CPU
		{8BF815EB-E746-47CE-A2DE-45F38A6441FE}.Debug|Any CPU.ActiveCfg = Debug|Any CPU
		{8BF815EB-E746-47CE-A2DE-45F38A6441FE}.Debug|Any CPU.Build.0 = Debug|Any CPU
		{8BF815EB-E746-47CE-A2DE-45F38A6441FE}.Debug|ARM.ActiveCfg = Debug|Any CPU
		{8BF815EB-E746-47CE-A2DE-45F38A6441FE}.Debug|ARM.Build.0 = Debug|Any CPU
		{8BF815EB-E746-47CE-A2DE-45F38A6441FE}.Debug|ARM64.ActiveCfg = Debug|Any CPU
		{8BF815EB-E746-47CE-A2DE-45F38A6441FE}.Debug|ARM64.Build.0 = Debug|Any CPU
		{8BF815EB-E746-47CE-A2DE-45F38A6441FE}.Debug|x64.ActiveCfg = Debug|Any CPU
		{8BF815EB-E746-47CE-A2DE-45F38A6441FE}.Debug|x64.Build.0 = Debug|Any CPU
		{8BF815EB-E746-47CE-A2DE-45F38A6441FE}.Debug|x86.ActiveCfg = Debug|Any CPU
		{8BF815EB-E746-47CE-A2DE-45F38A6441FE}.Debug|x86.Build.0 = Debug|Any CPU
		{8BF815EB-E746-47CE-A2DE-45F38A6441FE}.HoneyBadge_Debug|Any CPU.ActiveCfg = Debug|Any CPU
		{8BF815EB-E746-47CE-A2DE-45F38A6441FE}.HoneyBadge_Debug|Any CPU.Build.0 = Debug|Any CPU
		{8BF815EB-E746-47CE-A2DE-45F38A6441FE}.HoneyBadge_Debug|ARM.ActiveCfg = Debug|Any CPU
		{8BF815EB-E746-47CE-A2DE-45F38A6441FE}.HoneyBadge_Debug|ARM.Build.0 = Debug|Any CPU
		{8BF815EB-E746-47CE-A2DE-45F38A6441FE}.HoneyBadge_Debug|ARM64.ActiveCfg = Debug|Any CPU
		{8BF815EB-E746-47CE-A2DE-45F38A6441FE}.HoneyBadge_Debug|ARM64.Build.0 = Debug|Any CPU
		{8BF815EB-E746-47CE-A2DE-45F38A6441FE}.HoneyBadge_Debug|x64.ActiveCfg = Debug|Any CPU
		{8BF815EB-E746-47CE-A2DE-45F38A6441FE}.HoneyBadge_Debug|x64.Build.0 = Debug|Any CPU
		{8BF815EB-E746-47CE-A2DE-45F38A6441FE}.HoneyBadge_Debug|x86.ActiveCfg = Debug|Any CPU
		{8BF815EB-E746-47CE-A2DE-45F38A6441FE}.HoneyBadge_Debug|x86.Build.0 = Debug|Any CPU
		{8BF815EB-E746-47CE-A2DE-45F38A6441FE}.Release|Any CPU.ActiveCfg = Release|Any CPU
		{8BF815EB-E746-47CE-A2DE-45F38A6441FE}.Release|Any CPU.Build.0 = Release|Any CPU
		{8BF815EB-E746-47CE-A2DE-45F38A6441FE}.Release|ARM.ActiveCfg = Release|Any CPU
		{8BF815EB-E746-47CE-A2DE-45F38A6441FE}.Release|ARM.Build.0 = Release|Any CPU
		{8BF815EB-E746-47CE-A2DE-45F38A6441FE}.Release|ARM64.ActiveCfg = Release|Any CPU
		{8BF815EB-E746-47CE-A2DE-45F38A6441FE}.Release|ARM64.Build.0 = Release|Any CPU
		{8BF815EB-E746-47CE-A2DE-45F38A6441FE}.Release|x64.ActiveCfg = Release|Any CPU
		{8BF815EB-E746-47CE-A2DE-45F38A6441FE}.Release|x64.Build.0 = Release|Any CPU
		{8BF815EB-E746-47CE-A2DE-45F38A6441FE}.Release|x86.ActiveCfg = Release|Any CPU
		{8BF815EB-E746-47CE-A2DE-45F38A6441FE}.Release|x86.Build.0 = Release|Any CPU
		{8F40B3DC-F9CF-4030-B278-236C989B1BA7}.Debug|Any CPU.ActiveCfg = Debug|Any CPU
		{8F40B3DC-F9CF-4030-B278-236C989B1BA7}.Debug|Any CPU.Build.0 = Debug|Any CPU
		{8F40B3DC-F9CF-4030-B278-236C989B1BA7}.Debug|ARM.ActiveCfg = Debug|Any CPU
		{8F40B3DC-F9CF-4030-B278-236C989B1BA7}.Debug|ARM.Build.0 = Debug|Any CPU
		{8F40B3DC-F9CF-4030-B278-236C989B1BA7}.Debug|ARM64.ActiveCfg = Debug|Any CPU
		{8F40B3DC-F9CF-4030-B278-236C989B1BA7}.Debug|ARM64.Build.0 = Debug|Any CPU
		{8F40B3DC-F9CF-4030-B278-236C989B1BA7}.Debug|x64.ActiveCfg = Debug|Any CPU
		{8F40B3DC-F9CF-4030-B278-236C989B1BA7}.Debug|x64.Build.0 = Debug|Any CPU
		{8F40B3DC-F9CF-4030-B278-236C989B1BA7}.Debug|x86.ActiveCfg = Debug|Any CPU
		{8F40B3DC-F9CF-4030-B278-236C989B1BA7}.Debug|x86.Build.0 = Debug|Any CPU
		{8F40B3DC-F9CF-4030-B278-236C989B1BA7}.HoneyBadge_Debug|Any CPU.ActiveCfg = Debug|Any CPU
		{8F40B3DC-F9CF-4030-B278-236C989B1BA7}.HoneyBadge_Debug|Any CPU.Build.0 = Debug|Any CPU
		{8F40B3DC-F9CF-4030-B278-236C989B1BA7}.HoneyBadge_Debug|ARM.ActiveCfg = Debug|Any CPU
		{8F40B3DC-F9CF-4030-B278-236C989B1BA7}.HoneyBadge_Debug|ARM.Build.0 = Debug|Any CPU
		{8F40B3DC-F9CF-4030-B278-236C989B1BA7}.HoneyBadge_Debug|ARM64.ActiveCfg = Debug|Any CPU
		{8F40B3DC-F9CF-4030-B278-236C989B1BA7}.HoneyBadge_Debug|ARM64.Build.0 = Debug|Any CPU
		{8F40B3DC-F9CF-4030-B278-236C989B1BA7}.HoneyBadge_Debug|x64.ActiveCfg = Debug|Any CPU
		{8F40B3DC-F9CF-4030-B278-236C989B1BA7}.HoneyBadge_Debug|x64.Build.0 = Debug|Any CPU
		{8F40B3DC-F9CF-4030-B278-236C989B1BA7}.HoneyBadge_Debug|x86.ActiveCfg = Debug|Any CPU
		{8F40B3DC-F9CF-4030-B278-236C989B1BA7}.HoneyBadge_Debug|x86.Build.0 = Debug|Any CPU
		{8F40B3DC-F9CF-4030-B278-236C989B1BA7}.Release|Any CPU.ActiveCfg = Release|Any CPU
		{8F40B3DC-F9CF-4030-B278-236C989B1BA7}.Release|Any CPU.Build.0 = Release|Any CPU
		{8F40B3DC-F9CF-4030-B278-236C989B1BA7}.Release|ARM.ActiveCfg = Release|Any CPU
		{8F40B3DC-F9CF-4030-B278-236C989B1BA7}.Release|ARM.Build.0 = Release|Any CPU
		{8F40B3DC-F9CF-4030-B278-236C989B1BA7}.Release|ARM64.ActiveCfg = Release|Any CPU
		{8F40B3DC-F9CF-4030-B278-236C989B1BA7}.Release|ARM64.Build.0 = Release|Any CPU
		{8F40B3DC-F9CF-4030-B278-236C989B1BA7}.Release|x64.ActiveCfg = Release|Any CPU
		{8F40B3DC-F9CF-4030-B278-236C989B1BA7}.Release|x64.Build.0 = Release|Any CPU
		{8F40B3DC-F9CF-4030-B278-236C989B1BA7}.Release|x86.ActiveCfg = Release|Any CPU
		{8F40B3DC-F9CF-4030-B278-236C989B1BA7}.Release|x86.Build.0 = Release|Any CPU
		{D3A18FBF-2499-4C00-81B0-82B32B2F98FD}.Debug|Any CPU.ActiveCfg = Debug|Any CPU
		{D3A18FBF-2499-4C00-81B0-82B32B2F98FD}.Debug|Any CPU.Build.0 = Debug|Any CPU
		{D3A18FBF-2499-4C00-81B0-82B32B2F98FD}.Debug|ARM.ActiveCfg = Debug|Any CPU
		{D3A18FBF-2499-4C00-81B0-82B32B2F98FD}.Debug|ARM.Build.0 = Debug|Any CPU
		{D3A18FBF-2499-4C00-81B0-82B32B2F98FD}.Debug|ARM64.ActiveCfg = Debug|Any CPU
		{D3A18FBF-2499-4C00-81B0-82B32B2F98FD}.Debug|ARM64.Build.0 = Debug|Any CPU
		{D3A18FBF-2499-4C00-81B0-82B32B2F98FD}.Debug|x64.ActiveCfg = Debug|Any CPU
		{D3A18FBF-2499-4C00-81B0-82B32B2F98FD}.Debug|x64.Build.0 = Debug|Any CPU
		{D3A18FBF-2499-4C00-81B0-82B32B2F98FD}.Debug|x86.ActiveCfg = Debug|Any CPU
		{D3A18FBF-2499-4C00-81B0-82B32B2F98FD}.Debug|x86.Build.0 = Debug|Any CPU
		{D3A18FBF-2499-4C00-81B0-82B32B2F98FD}.HoneyBadge_Debug|Any CPU.ActiveCfg = Debug|Any CPU
		{D3A18FBF-2499-4C00-81B0-82B32B2F98FD}.HoneyBadge_Debug|Any CPU.Build.0 = Debug|Any CPU
		{D3A18FBF-2499-4C00-81B0-82B32B2F98FD}.HoneyBadge_Debug|ARM.ActiveCfg = Debug|Any CPU
		{D3A18FBF-2499-4C00-81B0-82B32B2F98FD}.HoneyBadge_Debug|ARM.Build.0 = Debug|Any CPU
		{D3A18FBF-2499-4C00-81B0-82B32B2F98FD}.HoneyBadge_Debug|ARM64.ActiveCfg = Debug|Any CPU
		{D3A18FBF-2499-4C00-81B0-82B32B2F98FD}.HoneyBadge_Debug|ARM64.Build.0 = Debug|Any CPU
		{D3A18FBF-2499-4C00-81B0-82B32B2F98FD}.HoneyBadge_Debug|x64.ActiveCfg = Debug|Any CPU
		{D3A18FBF-2499-4C00-81B0-82B32B2F98FD}.HoneyBadge_Debug|x64.Build.0 = Debug|Any CPU
		{D3A18FBF-2499-4C00-81B0-82B32B2F98FD}.HoneyBadge_Debug|x86.ActiveCfg = Debug|Any CPU
		{D3A18FBF-2499-4C00-81B0-82B32B2F98FD}.HoneyBadge_Debug|x86.Build.0 = Debug|Any CPU
		{D3A18FBF-2499-4C00-81B0-82B32B2F98FD}.Release|Any CPU.ActiveCfg = Release|Any CPU
		{D3A18FBF-2499-4C00-81B0-82B32B2F98FD}.Release|Any CPU.Build.0 = Release|Any CPU
		{D3A18FBF-2499-4C00-81B0-82B32B2F98FD}.Release|ARM.ActiveCfg = Release|Any CPU
		{D3A18FBF-2499-4C00-81B0-82B32B2F98FD}.Release|ARM.Build.0 = Release|Any CPU
		{D3A18FBF-2499-4C00-81B0-82B32B2F98FD}.Release|ARM64.ActiveCfg = Release|Any CPU
		{D3A18FBF-2499-4C00-81B0-82B32B2F98FD}.Release|ARM64.Build.0 = Release|Any CPU
		{D3A18FBF-2499-4C00-81B0-82B32B2F98FD}.Release|x64.ActiveCfg = Release|Any CPU
		{D3A18FBF-2499-4C00-81B0-82B32B2F98FD}.Release|x64.Build.0 = Release|Any CPU
		{D3A18FBF-2499-4C00-81B0-82B32B2F98FD}.Release|x86.ActiveCfg = Release|Any CPU
		{D3A18FBF-2499-4C00-81B0-82B32B2F98FD}.Release|x86.Build.0 = Release|Any CPU
		{492ABB61-7107-4608-BA60-7ED8811100A2}.Debug|Any CPU.ActiveCfg = Debug|Any CPU
		{492ABB61-7107-4608-BA60-7ED8811100A2}.Debug|Any CPU.Build.0 = Debug|Any CPU
		{492ABB61-7107-4608-BA60-7ED8811100A2}.Debug|ARM.ActiveCfg = Debug|Any CPU
		{492ABB61-7107-4608-BA60-7ED8811100A2}.Debug|ARM.Build.0 = Debug|Any CPU
		{492ABB61-7107-4608-BA60-7ED8811100A2}.Debug|ARM64.ActiveCfg = Debug|Any CPU
		{492ABB61-7107-4608-BA60-7ED8811100A2}.Debug|ARM64.Build.0 = Debug|Any CPU
		{492ABB61-7107-4608-BA60-7ED8811100A2}.Debug|x64.ActiveCfg = Debug|Any CPU
		{492ABB61-7107-4608-BA60-7ED8811100A2}.Debug|x64.Build.0 = Debug|Any CPU
		{492ABB61-7107-4608-BA60-7ED8811100A2}.Debug|x86.ActiveCfg = Debug|Any CPU
		{492ABB61-7107-4608-BA60-7ED8811100A2}.Debug|x86.Build.0 = Debug|Any CPU
		{492ABB61-7107-4608-BA60-7ED8811100A2}.HoneyBadge_Debug|Any CPU.ActiveCfg = Debug|Any CPU
		{492ABB61-7107-4608-BA60-7ED8811100A2}.HoneyBadge_Debug|Any CPU.Build.0 = Debug|Any CPU
		{492ABB61-7107-4608-BA60-7ED8811100A2}.HoneyBadge_Debug|ARM.ActiveCfg = Debug|Any CPU
		{492ABB61-7107-4608-BA60-7ED8811100A2}.HoneyBadge_Debug|ARM.Build.0 = Debug|Any CPU
		{492ABB61-7107-4608-BA60-7ED8811100A2}.HoneyBadge_Debug|ARM64.ActiveCfg = Debug|Any CPU
		{492ABB61-7107-4608-BA60-7ED8811100A2}.HoneyBadge_Debug|ARM64.Build.0 = Debug|Any CPU
		{492ABB61-7107-4608-BA60-7ED8811100A2}.HoneyBadge_Debug|x64.ActiveCfg = Debug|Any CPU
		{492ABB61-7107-4608-BA60-7ED8811100A2}.HoneyBadge_Debug|x64.Build.0 = Debug|Any CPU
		{492ABB61-7107-4608-BA60-7ED8811100A2}.HoneyBadge_Debug|x86.ActiveCfg = Debug|Any CPU
		{492ABB61-7107-4608-BA60-7ED8811100A2}.HoneyBadge_Debug|x86.Build.0 = Debug|Any CPU
		{492ABB61-7107-4608-BA60-7ED8811100A2}.Release|Any CPU.ActiveCfg = Release|Any CPU
		{492ABB61-7107-4608-BA60-7ED8811100A2}.Release|Any CPU.Build.0 = Release|Any CPU
		{492ABB61-7107-4608-BA60-7ED8811100A2}.Release|ARM.ActiveCfg = Release|Any CPU
		{492ABB61-7107-4608-BA60-7ED8811100A2}.Release|ARM.Build.0 = Release|Any CPU
		{492ABB61-7107-4608-BA60-7ED8811100A2}.Release|ARM64.ActiveCfg = Release|Any CPU
		{492ABB61-7107-4608-BA60-7ED8811100A2}.Release|ARM64.Build.0 = Release|Any CPU
		{492ABB61-7107-4608-BA60-7ED8811100A2}.Release|x64.ActiveCfg = Release|Any CPU
		{492ABB61-7107-4608-BA60-7ED8811100A2}.Release|x64.Build.0 = Release|Any CPU
		{492ABB61-7107-4608-BA60-7ED8811100A2}.Release|x86.ActiveCfg = Release|Any CPU
		{492ABB61-7107-4608-BA60-7ED8811100A2}.Release|x86.Build.0 = Release|Any CPU
		{3EB4D030-C2D5-4EC1-96CB-FBCDE1729828}.Debug|Any CPU.ActiveCfg = Debug|Any CPU
		{3EB4D030-C2D5-4EC1-96CB-FBCDE1729828}.Debug|Any CPU.Build.0 = Debug|Any CPU
		{3EB4D030-C2D5-4EC1-96CB-FBCDE1729828}.Debug|ARM.ActiveCfg = Debug|Any CPU
		{3EB4D030-C2D5-4EC1-96CB-FBCDE1729828}.Debug|ARM.Build.0 = Debug|Any CPU
		{3EB4D030-C2D5-4EC1-96CB-FBCDE1729828}.Debug|ARM64.ActiveCfg = Debug|Any CPU
		{3EB4D030-C2D5-4EC1-96CB-FBCDE1729828}.Debug|ARM64.Build.0 = Debug|Any CPU
		{3EB4D030-C2D5-4EC1-96CB-FBCDE1729828}.Debug|x64.ActiveCfg = Debug|Any CPU
		{3EB4D030-C2D5-4EC1-96CB-FBCDE1729828}.Debug|x64.Build.0 = Debug|Any CPU
		{3EB4D030-C2D5-4EC1-96CB-FBCDE1729828}.Debug|x86.ActiveCfg = Debug|Any CPU
		{3EB4D030-C2D5-4EC1-96CB-FBCDE1729828}.Debug|x86.Build.0 = Debug|Any CPU
		{3EB4D030-C2D5-4EC1-96CB-FBCDE1729828}.HoneyBadge_Debug|Any CPU.ActiveCfg = Debug|Any CPU
		{3EB4D030-C2D5-4EC1-96CB-FBCDE1729828}.HoneyBadge_Debug|Any CPU.Build.0 = Debug|Any CPU
		{3EB4D030-C2D5-4EC1-96CB-FBCDE1729828}.HoneyBadge_Debug|ARM.ActiveCfg = Debug|Any CPU
		{3EB4D030-C2D5-4EC1-96CB-FBCDE1729828}.HoneyBadge_Debug|ARM.Build.0 = Debug|Any CPU
		{3EB4D030-C2D5-4EC1-96CB-FBCDE1729828}.HoneyBadge_Debug|ARM64.ActiveCfg = Debug|Any CPU
		{3EB4D030-C2D5-4EC1-96CB-FBCDE1729828}.HoneyBadge_Debug|ARM64.Build.0 = Debug|Any CPU
		{3EB4D030-C2D5-4EC1-96CB-FBCDE1729828}.HoneyBadge_Debug|x64.ActiveCfg = Debug|Any CPU
		{3EB4D030-C2D5-4EC1-96CB-FBCDE1729828}.HoneyBadge_Debug|x64.Build.0 = Debug|Any CPU
		{3EB4D030-C2D5-4EC1-96CB-FBCDE1729828}.HoneyBadge_Debug|x86.ActiveCfg = Debug|Any CPU
		{3EB4D030-C2D5-4EC1-96CB-FBCDE1729828}.HoneyBadge_Debug|x86.Build.0 = Debug|Any CPU
		{3EB4D030-C2D5-4EC1-96CB-FBCDE1729828}.Release|Any CPU.ActiveCfg = Release|Any CPU
		{3EB4D030-C2D5-4EC1-96CB-FBCDE1729828}.Release|Any CPU.Build.0 = Release|Any CPU
		{3EB4D030-C2D5-4EC1-96CB-FBCDE1729828}.Release|ARM.ActiveCfg = Release|Any CPU
		{3EB4D030-C2D5-4EC1-96CB-FBCDE1729828}.Release|ARM.Build.0 = Release|Any CPU
		{3EB4D030-C2D5-4EC1-96CB-FBCDE1729828}.Release|ARM64.ActiveCfg = Release|Any CPU
		{3EB4D030-C2D5-4EC1-96CB-FBCDE1729828}.Release|ARM64.Build.0 = Release|Any CPU
		{3EB4D030-C2D5-4EC1-96CB-FBCDE1729828}.Release|x64.ActiveCfg = Release|Any CPU
		{3EB4D030-C2D5-4EC1-96CB-FBCDE1729828}.Release|x64.Build.0 = Release|Any CPU
		{3EB4D030-C2D5-4EC1-96CB-FBCDE1729828}.Release|x86.ActiveCfg = Release|Any CPU
		{3EB4D030-C2D5-4EC1-96CB-FBCDE1729828}.Release|x86.Build.0 = Release|Any CPU
		{2B40684A-D7AE-4B36-951F-0E99890DA358}.Debug|Any CPU.ActiveCfg = Debug|Any CPU
		{2B40684A-D7AE-4B36-951F-0E99890DA358}.Debug|Any CPU.Build.0 = Debug|Any CPU
		{2B40684A-D7AE-4B36-951F-0E99890DA358}.Debug|ARM.ActiveCfg = Debug|Any CPU
		{2B40684A-D7AE-4B36-951F-0E99890DA358}.Debug|ARM.Build.0 = Debug|Any CPU
		{2B40684A-D7AE-4B36-951F-0E99890DA358}.Debug|ARM64.ActiveCfg = Debug|Any CPU
		{2B40684A-D7AE-4B36-951F-0E99890DA358}.Debug|ARM64.Build.0 = Debug|Any CPU
		{2B40684A-D7AE-4B36-951F-0E99890DA358}.Debug|x64.ActiveCfg = Debug|Any CPU
		{2B40684A-D7AE-4B36-951F-0E99890DA358}.Debug|x64.Build.0 = Debug|Any CPU
		{2B40684A-D7AE-4B36-951F-0E99890DA358}.Debug|x86.ActiveCfg = Debug|Any CPU
		{2B40684A-D7AE-4B36-951F-0E99890DA358}.Debug|x86.Build.0 = Debug|Any CPU
		{2B40684A-D7AE-4B36-951F-0E99890DA358}.HoneyBadge_Debug|Any CPU.ActiveCfg = Debug|Any CPU
		{2B40684A-D7AE-4B36-951F-0E99890DA358}.HoneyBadge_Debug|Any CPU.Build.0 = Debug|Any CPU
		{2B40684A-D7AE-4B36-951F-0E99890DA358}.HoneyBadge_Debug|ARM.ActiveCfg = Debug|Any CPU
		{2B40684A-D7AE-4B36-951F-0E99890DA358}.HoneyBadge_Debug|ARM.Build.0 = Debug|Any CPU
		{2B40684A-D7AE-4B36-951F-0E99890DA358}.HoneyBadge_Debug|ARM64.ActiveCfg = Debug|Any CPU
		{2B40684A-D7AE-4B36-951F-0E99890DA358}.HoneyBadge_Debug|ARM64.Build.0 = Debug|Any CPU
		{2B40684A-D7AE-4B36-951F-0E99890DA358}.HoneyBadge_Debug|x64.ActiveCfg = Debug|Any CPU
		{2B40684A-D7AE-4B36-951F-0E99890DA358}.HoneyBadge_Debug|x64.Build.0 = Debug|Any CPU
		{2B40684A-D7AE-4B36-951F-0E99890DA358}.HoneyBadge_Debug|x86.ActiveCfg = Debug|Any CPU
		{2B40684A-D7AE-4B36-951F-0E99890DA358}.HoneyBadge_Debug|x86.Build.0 = Debug|Any CPU
		{2B40684A-D7AE-4B36-951F-0E99890DA358}.Release|Any CPU.ActiveCfg = Release|Any CPU
		{2B40684A-D7AE-4B36-951F-0E99890DA358}.Release|Any CPU.Build.0 = Release|Any CPU
		{2B40684A-D7AE-4B36-951F-0E99890DA358}.Release|ARM.ActiveCfg = Release|Any CPU
		{2B40684A-D7AE-4B36-951F-0E99890DA358}.Release|ARM.Build.0 = Release|Any CPU
		{2B40684A-D7AE-4B36-951F-0E99890DA358}.Release|ARM64.ActiveCfg = Release|Any CPU
		{2B40684A-D7AE-4B36-951F-0E99890DA358}.Release|ARM64.Build.0 = Release|Any CPU
		{2B40684A-D7AE-4B36-951F-0E99890DA358}.Release|x64.ActiveCfg = Release|Any CPU
		{2B40684A-D7AE-4B36-951F-0E99890DA358}.Release|x64.Build.0 = Release|Any CPU
		{2B40684A-D7AE-4B36-951F-0E99890DA358}.Release|x86.ActiveCfg = Release|Any CPU
		{2B40684A-D7AE-4B36-951F-0E99890DA358}.Release|x86.Build.0 = Release|Any CPU
	EndGlobalSection
	GlobalSection(SolutionProperties) = preSolution
		HideSolutionNode = FALSE
	EndGlobalSection
	GlobalSection(NestedProjects) = preSolution
		{FF96B252-2B24-44A1-A09C-6401B5D7ED23} = {4254D473-E693-44CC-94CE-C0456D366F4E}
		{7C57E81C-386A-4120-8BB2-5EB4738562C2} = {4254D473-E693-44CC-94CE-C0456D366F4E}
		{13C2B01D-EDB7-4FA0-8B84-9D10148610D4} = {4254D473-E693-44CC-94CE-C0456D366F4E}
		{46E88829-7AFC-4847-A008-75CCA23830CC} = {4254D473-E693-44CC-94CE-C0456D366F4E}
		{8BF815EB-E746-47CE-A2DE-45F38A6441FE} = {4254D473-E693-44CC-94CE-C0456D366F4E}
		{8F40B3DC-F9CF-4030-B278-236C989B1BA7} = {4254D473-E693-44CC-94CE-C0456D366F4E}
		{D3A18FBF-2499-4C00-81B0-82B32B2F98FD} = {4254D473-E693-44CC-94CE-C0456D366F4E}
		{2B40684A-D7AE-4B36-951F-0E99890DA358} = {4254D473-E693-44CC-94CE-C0456D366F4E}
	EndGlobalSection
	GlobalSection(ExtensibilityGlobals) = postSolution
		SolutionGuid = {6773C445-1D21-4EAC-892B-7E7095C7B698}
	EndGlobalSection
EndGlobal
